
Microsoft Visual Studio Solution File, Format Version 12.00
# Visual Studio Version 17
VisualStudioVersion = 17.8.34219.65
MinimumVisualStudioVersion = 10.0.40219.1
Project("{9A19103F-16F7-4668-BE54-9A1E7A4F7556}") = "BlazorBackgroundCSS", "BlazorBackgroundCSS.csproj", "{F9234BB9-451A-4F00-96FC-76368B6288DD}"
EndProject
Global
	GlobalSection(SolutionConfigurationPlatforms) = preSolution
		Debug|Any CPU = Debug|Any CPU
		Release|Any CPU = Release|Any CPU
	EndGlobalSection
	GlobalSection(ProjectConfigurationPlatforms) = postSolution
		{F9234BB9-451A-4F00-96FC-76368B6288DD}.Debug|Any CPU.ActiveCfg = Debug|Any CPU
		{F9234BB9-451A-4F00-96FC-76368B6288DD}.Debug|Any CPU.Build.0 = Debug|Any CPU
		{F9234BB9-451A-4F00-96FC-76368B6288DD}.Release|Any CPU.ActiveCfg = Release|Any CPU
		{F9234BB9-451A-4F00-96FC-76368B6288DD}.Release|Any CPU.Build.0 = Release|Any CPU
	EndGlobalSection
	GlobalSection(SolutionProperties) = preSolution
		HideSolutionNode = FALSE
	EndGlobalSection
	GlobalSection(ExtensibilityGlobals) = postSolution
		SolutionGuid = {7B3C7C01-498F-4767-BB57-45A9CBBBE8D1}
	EndGlobalSection
EndGlobal
